
Microsoft Visual Studio Solution File, Format Version 12.00
# Visual Studio Version 16
VisualStudioVersion = 16.0.809.10
MinimumVisualStudioVersion = 10.0.40219.1
Project("{FAE04EC0-301F-11D3-BF4B-00C04F79EFBC}") = "Assignment", "Assignment.csproj", "{6DC0FE41-C74F-4FC3-9B68-EB2D110B82BD}"
EndProject
Global
	GlobalSection(SolutionConfigurationPlatforms) = preSolution
		Debug|Any CPU = Debug|Any CPU
		Release|Any CPU = Release|Any CPU
	EndGlobalSection
	GlobalSection(ProjectConfigurationPlatforms) = postSolution
		{6DC0FE41-C74F-4FC3-9B68-EB2D110B82BD}.Debug|Any CPU.ActiveCfg = Debug|Any CPU
		{6DC0FE41-C74F-4FC3-9B68-EB2D110B82BD}.Debug|Any CPU.Build.0 = Debug|Any CPU
		{6DC0FE41-C74F-4FC3-9B68-EB2D110B82BD}.Release|Any CPU.ActiveCfg = Release|Any CPU
		{6DC0FE41-C74F-4FC3-9B68-EB2D110B82BD}.Release|Any CPU.Build.0 = Release|Any CPU
	EndGlobalSection
	GlobalSection(SolutionProperties) = preSolution
		HideSolutionNode = FALSE
	EndGlobalSection
	GlobalSection(ExtensibilityGlobals) = postSolution
		SolutionGuid = {A11E2D13-9B75-46E8-A56B-73A4C9DFB081}
	EndGlobalSection
EndGlobal
